{
    "_meta": {
        "hash": {
            "sha256": "d4c9ab32d28e370cf0aa8cebfbcabed43ac60af7c93db5da0caae2236cf35de4"
        },
        "pipfile-spec": 6,
        "requires": {
            "python_version": "3.12"
        },
        "sources": [
            {
                "name": "pypi",
                "url": "https://pypi.org/simple",
                "verify_ssl": true
            }
        ]
    },
    "default": {
        "hugo": {
            "hashes": [
                "sha256:08cb31db07a969a5e6cf63548cf514616059b18c325b0f0ef851113f63db96e7",
                "sha256:0927dd22983f31749108f17613d10861edba09e7945710fd471538fb9a4ad809",
                "sha256:0c03c8c245ba1413cd59ae3c7dccb13fc6c99249aaebddccc5aa758d5bfe38eb",
                "sha256:19bc1d86a882fe6b9daa3e824ca843fbf7b5d9039288ec9867cc940ffe1d0208",
                "sha256:48aa4e61923762bc64810e6e4aef19b15e5997527f0470bb544eacfd2bb6779a",
                "sha256:7a9d968c8fa01c524762126651e6bd24e5d7f6bf3d3020346aa928e0b2cbc333",
                "sha256:c057cb1406487ce84504296b826590c68ab46ac7623a44a7888ccf21d5baa186",
                "sha256:d310750f1f0130acf92fd0f91a96406f6f30a5b62b561e039282a5aaee1b98e9",
                "sha256:dbd75d10c42171447591a45253d262b628237bcda712ddd11ed27ca16f912200",
                "sha256:fc962dbef29eba8dba43c5e01bf348033a547a12384444a40bb00a5a3ad8f095"
            ],
            "index": "pypi",
            "markers": "python_version >= '3.10'",
            "version": "==0.153.0"
        }
    },
    "develop": {}
}
